
Microsoft Visual Studio Solution File, Format Version 12.00
# Visual Studio Version 17
VisualStudioVersion = 17.0.31903.59
MinimumVisualStudioVersion = 10.0.40219.1
Project("{FAE04EC0-301F-11D3-BF4B-00C04F79EFBC}") = "GoodHabits.Client", "GoodHabits.Client\GoodHabits.Client.csproj", "{AE9B143A-D798-465C-B9E0-4F18718731FE}"
EndProject
Project("{FAE04EC0-301F-11D3-BF4B-00C04F79EFBC}") = "GoodHabits.HabitService", "GoodHabits.HabitService\GoodHabits.HabitService.csproj", "{6346DF1A-CB54-4357-AD40-87C0414A10B3}"
EndProject
Project("{FAE04EC0-301F-11D3-BF4B-00C04F79EFBC}") = "GoodHabits.Database", "GoodHabits.Database\GoodHabits.Database.csproj", "{E2EE4C17-CB57-4420-91BD-5DE030C3327D}"
EndProject
Global
	GlobalSection(SolutionConfigurationPlatforms) = preSolution
		Debug|Any CPU = Debug|Any CPU
		Release|Any CPU = Release|Any CPU
	EndGlobalSection
	GlobalSection(SolutionProperties) = preSolution
		HideSolutionNode = FALSE
	EndGlobalSection
	GlobalSection(ProjectConfigurationPlatforms) = postSolution
		{AE9B143A-D798-465C-B9E0-4F18718731FE}.Debug|Any CPU.ActiveCfg = Debug|Any CPU
		{AE9B143A-D798-465C-B9E0-4F18718731FE}.Debug|Any CPU.Build.0 = Debug|Any CPU
		{AE9B143A-D798-465C-B9E0-4F18718731FE}.Release|Any CPU.ActiveCfg = Release|Any CPU
		{AE9B143A-D798-465C-B9E0-4F18718731FE}.Release|Any CPU.Build.0 = Release|Any CPU
		{6346DF1A-CB54-4357-AD40-87C0414A10B3}.Debug|Any CPU.ActiveCfg = Debug|Any CPU
		{6346DF1A-CB54-4357-AD40-87C0414A10B3}.Debug|Any CPU.Build.0 = Debug|Any CPU
		{6346DF1A-CB54-4357-AD40-87C0414A10B3}.Release|Any CPU.ActiveCfg = Release|Any CPU
		{6346DF1A-CB54-4357-AD40-87C0414A10B3}.Release|Any CPU.Build.0 = Release|Any CPU
		{E2EE4C17-CB57-4420-91BD-5DE030C3327D}.Debug|Any CPU.ActiveCfg = Debug|Any CPU
		{E2EE4C17-CB57-4420-91BD-5DE030C3327D}.Debug|Any CPU.Build.0 = Debug|Any CPU
		{E2EE4C17-CB57-4420-91BD-5DE030C3327D}.Release|Any CPU.ActiveCfg = Release|Any CPU
		{E2EE4C17-CB57-4420-91BD-5DE030C3327D}.Release|Any CPU.Build.0 = Release|Any CPU
	EndGlobalSection
EndGlobal
